// !$*UTF8*$!
{
	archiveVersion = 1;
	classes = {
	};
	objectVersion = 51;
	objects = {

/* Begin PBXBuildFile section */
		4FCBEA5725B9B6CF0071FF25 /* AppDelegate.swift in Sources */ = {isa = PBXBuildFile; fileRef = 4FCBEA5625B9B6CF0071FF25 /* AppDelegate.swift */; };
		4FCBEA5925B9B6CF0071FF25 /* SceneDelegate.swift in Sources */ = {isa = PBXBuildFile; fileRef = 4FCBEA5825B9B6CF0071FF25 /* SceneDelegate.swift */; };
		4FCBEA6025B9B6D30071FF25 /* Assets.xcassets in Resources */ = {isa = PBXBuildFile; fileRef = 4FCBEA5F25B9B6D30071FF25 /* Assets.xcassets */; };
		4FCBEA6325B9B6D30071FF25 /* LaunchScreen.storyboard in Resources */ = {isa = PBXBuildFile; fileRef = 4FCBEA6125B9B6D30071FF25 /* LaunchScreen.storyboard */; };
		4FCBEA7225B9B8470071FF25 /* FruitViewController.swift in Sources */ = {isa = PBXBuildFile; fileRef = 4FCBEA7125B9B8470071FF25 /* FruitViewController.swift */; };
		4FCBEA7C25B9B9B40071FF25 /* FoodReactor.swift in Sources */ = {isa = PBXBuildFile; fileRef = 4FCBEA7B25B9B9B40071FF25 /* FoodReactor.swift */; };
		4FED872825EB345300043052 /* CounterReactor.swift in Sources */ = {isa = PBXBuildFile; fileRef = 4FED872725EB345300043052 /* CounterReactor.swift */; };
		4FED872C25EB345C00043052 /* CounterViewController.swift in Sources */ = {isa = PBXBuildFile; fileRef = 4FED872B25EB345C00043052 /* CounterViewController.swift */; };
		4FED873225EB3DC200043052 /* GithubSearchViewController.swift in Sources */ = {isa = PBXBuildFile; fileRef = 4FED873125EB3DC200043052 /* GithubSearchViewController.swift */; };
		4FED873625EB3DCE00043052 /* GithubSearchReactor.swift in Sources */ = {isa = PBXBuildFile; fileRef = 4FED873525EB3DCE00043052 /* GithubSearchReactor.swift */; };
		4FED87BB25EB744400043052 /* GithubSearchCell.swift in Sources */ = {isa = PBXBuildFile; fileRef = 4FED87BA25EB744400043052 /* GithubSearchCell.swift */; };
		4FED87BE25EB78A700043052 /* SearchService.swift in Sources */ = {isa = PBXBuildFile; fileRef = 4FED87BD25EB78A700043052 /* SearchService.swift */; };
		6EF9DBC5C30190B1215EB1F4 /* Pods_ReactorKitStudy.framework in Frameworks */ = {isa = PBXBuildFile; fileRef = F7152D363214712765F180BA /* Pods_ReactorKitStudy.framework */; };
/* End PBXBuildFile section */

/* Begin PBXFileReference section */
		3A048BB36E83EE7C320C3AB2 /* Pods-ReactorKitStudy.release.xcconfig */ = {isa = PBXFileReference; includeInIndex = 1; lastKnownFileType = text.xcconfig; name = "Pods-ReactorKitStudy.release.xcconfig"; path = "Target Support Files/Pods-ReactorKitStudy/Pods-ReactorKitStudy.release.xcconfig"; sourceTree = "<group>"; };
		4FCBEA5325B9B6CF0071FF25 /* ReactorKitStudy.app */ = {isa = PBXFileReference; explicitFileType = wrapper.application; includeInIndex = 0; path = ReactorKitStudy.app; sourceTree = BUILT_PRODUCTS_DIR; };
		4FCBEA5625B9B6CF0071FF25 /* AppDelegate.swift */ = {isa = PBXFileReference; lastKnownFileType = sourcecode.swift; path = AppDelegate.swift; sourceTree = "<group>"; };
		4FCBEA5825B9B6CF0071FF25 /* SceneDelegate.swift */ = {isa = PBXFileReference; lastKnownFileType = sourcecode.swift; path = SceneDelegate.swift; sourceTree = "<group>"; };
		4FCBEA5F25B9B6D30071FF25 /* Assets.xcassets */ = {isa = PBXFileReference; lastKnownFileType = folder.assetcatalog; path = Assets.xcassets; sourceTree = "<group>"; };
		4FCBEA6225B9B6D30071FF25 /* Base */ = {isa = PBXFileReference; lastKnownFileType = file.storyboard; name = Base; path = Base.lproj/LaunchScreen.storyboard; sourceTree = "<group>"; };
		4FCBEA6425B9B6D30071FF25 /* Info.plist */ = {isa = PBXFileReference; lastKnownFileType = text.plist.xml; path = Info.plist; sourceTree = "<group>"; };
		4FCBEA7125B9B8470071FF25 /* FruitViewController.swift */ = {isa = PBXFileReference; lastKnownFileType = sourcecode.swift; path = FruitViewController.swift; sourceTree = "<group>"; };
		4FCBEA7B25B9B9B40071FF25 /* FoodReactor.swift */ = {isa = PBXFileReference; lastKnownFileType = sourcecode.swift; path = FoodReactor.swift; sourceTree = "<group>"; };
		4FED872725EB345300043052 /* CounterReactor.swift */ = {isa = PBXFileReference; lastKnownFileType = sourcecode.swift; path = CounterReactor.swift; sourceTree = "<group>"; };
		4FED872B25EB345C00043052 /* CounterViewController.swift */ = {isa = PBXFileReference; lastKnownFileType = sourcecode.swift; path = CounterViewController.swift; sourceTree = "<group>"; };
		4FED873125EB3DC200043052 /* GithubSearchViewController.swift */ = {isa = PBXFileReference; lastKnownFileType = sourcecode.swift; path = GithubSearchViewController.swift; sourceTree = "<group>"; };
		4FED873525EB3DCE00043052 /* GithubSearchReactor.swift */ = {isa = PBXFileReference; lastKnownFileType = sourcecode.swift; path = GithubSearchReactor.swift; sourceTree = "<group>"; };
		4FED87BA25EB744400043052 /* GithubSearchCell.swift */ = {isa = PBXFileReference; lastKnownFileType = sourcecode.swift; path = GithubSearchCell.swift; sourceTree = "<group>"; };
		4FED87BD25EB78A700043052 /* SearchService.swift */ = {isa = PBXFileReference; lastKnownFileType = sourcecode.swift; path = SearchService.swift; sourceTree = "<group>"; };
		DACD60E5C1388F150720AF4E /* Pods-ReactorKitStudy.debug.xcconfig */ = {isa = PBXFileReference; includeInIndex = 1; lastKnownFileType = text.xcconfig; name = "Pods-ReactorKitStudy.debug.xcconfig"; path = "Target Support Files/Pods-ReactorKitStudy/Pods-ReactorKitStudy.debug.xcconfig"; sourceTree = "<group>"; };
		F7152D363214712765F180BA /* Pods_ReactorKitStudy.framework */ = {isa = PBXFileReference; explicitFileType = wrapper.framework; includeInIndex = 0; path = Pods_ReactorKitStudy.framework; sourceTree = BUILT_PRODUCTS_DIR; };
/* End PBXFileReference section */

/* Begin PBXFrameworksBuildPhase section */
		4FCBEA5025B9B6CF0071FF25 /* Frameworks */ = {
			isa = PBXFrameworksBuildPhase;
			buildActionMask = 2147483647;
			files = (
				6EF9DBC5C30190B1215EB1F4 /* Pods_ReactorKitStudy.framework in Frameworks */,
			);
			runOnlyForDeploymentPostprocessing = 0;
		};
/* End PBXFrameworksBuildPhase section */

/* Begin PBXGroup section */
		10BC942EA30F34392A1F44E8 /* Pods */ = {
			isa = PBXGroup;
			children = (
				DACD60E5C1388F150720AF4E /* Pods-ReactorKitStudy.debug.xcconfig */,
				3A048BB36E83EE7C320C3AB2 /* Pods-ReactorKitStudy.release.xcconfig */,
			);
			path = Pods;
			sourceTree = "<group>";
		};
		4FCBEA4A25B9B6CF0071FF25 = {
			isa = PBXGroup;
			children = (
				4FCBEA5525B9B6CF0071FF25 /* ReactorKitStudy */,
				4FCBEA5425B9B6CF0071FF25 /* Products */,
				10BC942EA30F34392A1F44E8 /* Pods */,
				9DD72E62A60C66BEBF35B7E6 /* Frameworks */,
			);
			sourceTree = "<group>";
		};
		4FCBEA5425B9B6CF0071FF25 /* Products */ = {
			isa = PBXGroup;
			children = (
				4FCBEA5325B9B6CF0071FF25 /* ReactorKitStudy.app */,
			);
			name = Products;
			sourceTree = "<group>";
		};
		4FCBEA5525B9B6CF0071FF25 /* ReactorKitStudy */ = {
			isa = PBXGroup;
			children = (
				4FED873025EB3DAF00043052 /* GithubSearch */,
				4FED872625EB344600043052 /* Counter */,
				4FED872125EB323F00043052 /* SupportingFiles */,
				4FED871E25EB31DA00043052 /* FoodReactor */,
				4FCBEA5F25B9B6D30071FF25 /* Assets.xcassets */,
				4FCBEA6125B9B6D30071FF25 /* LaunchScreen.storyboard */,
				4FCBEA6425B9B6D30071FF25 /* Info.plist */,
			);
			path = ReactorKitStudy;
			sourceTree = "<group>";
		};
		4FED871E25EB31DA00043052 /* FoodReactor */ = {
			isa = PBXGroup;
			children = (
				4FCBEA7125B9B8470071FF25 /* FruitViewController.swift */,
				4FCBEA7B25B9B9B40071FF25 /* FoodReactor.swift */,
			);
			path = FoodReactor;
			sourceTree = "<group>";
		};
		4FED872125EB323F00043052 /* SupportingFiles */ = {
			isa = PBXGroup;
			children = (
				4FCBEA5625B9B6CF0071FF25 /* AppDelegate.swift */,
				4FCBEA5825B9B6CF0071FF25 /* SceneDelegate.swift */,
			);
			path = SupportingFiles;
			sourceTree = "<group>";
		};
		4FED872625EB344600043052 /* Counter */ = {
			isa = PBXGroup;
			children = (
				4FED872725EB345300043052 /* CounterReactor.swift */,
				4FED872B25EB345C00043052 /* CounterViewController.swift */,
			);
			path = Counter;
			sourceTree = "<group>";
		};
		4FED873025EB3DAF00043052 /* GithubSearch */ = {
			isa = PBXGroup;
			children = (
				4FED873125EB3DC200043052 /* GithubSearchViewController.swift */,
				4FED873525EB3DCE00043052 /* GithubSearchReactor.swift */,
				4FED87BA25EB744400043052 /* GithubSearchCell.swift */,
				4FED87BD25EB78A700043052 /* SearchService.swift */,
			);
			path = GithubSearch;
			sourceTree = "<group>";
		};
		9DD72E62A60C66BEBF35B7E6 /* Frameworks */ = {
			isa = PBXGroup;
			children = (
				F7152D363214712765F180BA /* Pods_ReactorKitStudy.framework */,
			);
			name = Frameworks;
			sourceTree = "<group>";
		};
/* End PBXGroup section */

/* Begin PBXNativeTarget section */
		4FCBEA5225B9B6CF0071FF25 /* ReactorKitStudy */ = {
			isa = PBXNativeTarget;
			buildConfigurationList = 4FCBEA6725B9B6D30071FF25 /* Build configuration list for PBXNativeTarget "ReactorKitStudy" */;
			buildPhases = (
				C359CD0EBEB0F82AF6DE2022 /* [CP] Check Pods Manifest.lock */,
				4FCBEA4F25B9B6CF0071FF25 /* Sources */,
				4FCBEA5025B9B6CF0071FF25 /* Frameworks */,
				4FCBEA5125B9B6CF0071FF25 /* Resources */,
				5D342D905DF694BC99D156F5 /* [CP] Embed Pods Frameworks */,
			);
			buildRules = (
			);
			dependencies = (
			);
			name = ReactorKitStudy;
			productName = ReactorKitStudy;
			productReference = 4FCBEA5325B9B6CF0071FF25 /* ReactorKitStudy.app */;
			productType = "com.apple.product-type.application";
		};
/* End PBXNativeTarget section */

/* Begin PBXProject section */
		4FCBEA4B25B9B6CF0071FF25 /* Project object */ = {
			isa = PBXProject;
			attributes = {
				LastSwiftUpdateCheck = 1230;
				LastUpgradeCheck = 1230;
				TargetAttributes = {
					4FCBEA5225B9B6CF0071FF25 = {
						CreatedOnToolsVersion = 12.3;
					};
				};
			};
			buildConfigurationList = 4FCBEA4E25B9B6CF0071FF25 /* Build configuration list for PBXProject "ReactorKitStudy" */;
			compatibilityVersion = "Xcode 9.3";
			developmentRegion = en;
			hasScannedForEncodings = 0;
			knownRegions = (
				en,
				Base,
			);
			mainGroup = 4FCBEA4A25B9B6CF0071FF25;
			productRefGroup = 4FCBEA5425B9B6CF0071FF25 /* Products */;
			projectDirPath = "";
			projectRoot = "";
			targets = (
				4FCBEA5225B9B6CF0071FF25 /* ReactorKitStudy */,
			);
		};
/* End PBXProject section */

/* Begin PBXResourcesBuildPhase section */
		4FCBEA5125B9B6CF0071FF25 /* Resources */ = {
			isa = PBXResourcesBuildPhase;
			buildActionMask = 2147483647;
			files = (
				4FCBEA6325B9B6D30071FF25 /* LaunchScreen.storyboard in Resources */,
				4FCBEA6025B9B6D30071FF25 /* Assets.xcassets in Resources */,
			);
			runOnlyForDeploymentPostprocessing = 0;
		};
/* End PBXResourcesBuildPhase section */

/* Begin PBXShellScriptBuildPhase section */
		5D342D905DF694BC99D156F5 /* [CP] Embed Pods Frameworks */ = {
			isa = PBXShellScriptBuildPhase;
			buildActionMask = 2147483647;
			files = (
			);
			inputFileListPaths = (
				"${PODS_ROOT}/Target Support Files/Pods-ReactorKitStudy/Pods-ReactorKitStudy-frameworks-${CONFIGURATION}-input-files.xcfilelist",
			);
			name = "[CP] Embed Pods Frameworks";
			outputFileListPaths = (
				"${PODS_ROOT}/Target Support Files/Pods-ReactorKitStudy/Pods-ReactorKitStudy-frameworks-${CONFIGURATION}-output-files.xcfilelist",
			);
			runOnlyForDeploymentPostprocessing = 0;
			shellPath = /bin/sh;
			shellScript = "\"${PODS_ROOT}/Target Support Files/Pods-ReactorKitStudy/Pods-ReactorKitStudy-frameworks.sh\"\n";
			showEnvVarsInLog = 0;
		};
		C359CD0EBEB0F82AF6DE2022 /* [CP] Check Pods Manifest.lock */ = {
			isa = PBXShellScriptBuildPhase;
			buildActionMask = 2147483647;
			files = (
			);
			inputFileListPaths = (
			);
			inputPaths = (
				"${PODS_PODFILE_DIR_PATH}/Podfile.lock",
				"${PODS_ROOT}/Manifest.lock",
			);
			name = "[CP] Check Pods Manifest.lock";
			outputFileListPaths = (
			);
			outputPaths = (
				"$(DERIVED_FILE_DIR)/Pods-ReactorKitStudy-checkManifestLockResult.txt",
			);
			runOnlyForDeploymentPostprocessing = 0;
			shellPath = /bin/sh;
			shellScript = "diff \"${PODS_PODFILE_DIR_PATH}/Podfile.lock\" \"${PODS_ROOT}/Manifest.lock\" > /dev/null\nif [ $? != 0 ] ; then\n    # print error to STDERR\n    echo \"error: The sandbox is not in sync with the Podfile.lock. Run 'pod install' or update your CocoaPods installation.\" >&2\n    exit 1\nfi\n# This output is used by Xcode 'outputs' to avoid re-running this script phase.\necho \"SUCCESS\" > \"${SCRIPT_OUTPUT_FILE_0}\"\n";
			showEnvVarsInLog = 0;
		};
/* End PBXShellScriptBuildPhase section */

/* Begin PBXSourcesBuildPhase section */
		4FCBEA4F25B9B6CF0071FF25 /* Sources */ = {
			isa = PBXSourcesBuildPhase;
			buildActionMask = 2147483647;
			files = (
				4FED873225EB3DC200043052 /* GithubSearchViewController.swift in Sources */,
				4FCBEA7C25B9B9B40071FF25 /* FoodReactor.swift in Sources */,
				4FED87BB25EB744400043052 /* GithubSearchCell.swift in Sources */,
				4FED872825EB345300043052 /* CounterReactor.swift in Sources */,
				4FCBEA5725B9B6CF0071FF25 /* AppDelegate.swift in Sources */,
				4FED872C25EB345C00043052 /* CounterViewController.swift in Sources */,
				4FED873625EB3DCE00043052 /* GithubSearchReactor.swift in Sources */,
				4FED87BE25EB78A700043052 /* SearchService.swift in Sources */,
				4FCBEA5925B9B6CF0071FF25 /* SceneDelegate.swift in Sources */,
				4FCBEA7225B9B8470071FF25 /* FruitViewController.swift in Sources */,
			);
			runOnlyForDeploymentPostprocessing = 0;
		};
/* End PBXSourcesBuildPhase section */

/* Begin PBXVariantGroup section */
		4FCBEA6125B9B6D30071FF25 /* LaunchScreen.storyboard */ = {
			isa = PBXVariantGroup;
			children = (
				4FCBEA6225B9B6D30071FF25 /* Base */,
			);
			name = LaunchScreen.storyboard;
			sourceTree = "<group>";
		};
/* End PBXVariantGroup section */

/* Begin XCBuildConfiguration section */
		4FCBEA6525B9B6D30071FF25 /* Debug */ = {
			isa = XCBuildConfiguration;
			buildSettings = {
				ALWAYS_SEARCH_USER_PATHS = NO;
				CLANG_ANALYZER_NONNULL = YES;
				CLANG_ANALYZER_NUMBER_OBJECT_CONVERSION = YES_AGGRESSIVE;
				CLANG_CXX_LANGUAGE_STANDARD = "gnu++14";
				CLANG_CXX_LIBRARY = "libc++";
				CLANG_ENABLE_MODULES = YES;
				CLANG_ENABLE_OBJC_ARC = YES;
				CLANG_ENABLE_OBJC_WEAK = YES;
				CLANG_WARN_BLOCK_CAPTURE_AUTORELEASING = YES;
				CLANG_WARN_BOOL_CONVERSION = YES;
				CLANG_WARN_COMMA = YES;
				CLANG_WARN_CONSTANT_CONVERSION = YES;
				CLANG_WARN_DEPRECATED_OBJC_IMPLEMENTATIONS = YES;
				CLANG_WARN_DIRECT_OBJC_ISA_USAGE = YES_ERROR;
				CLANG_WARN_DOCUMENTATION_COMMENTS = YES;
				CLANG_WARN_EMPTY_BODY = YES;
				CLANG_WARN_ENUM_CONVERSION = YES;
				CLANG_WARN_INFINITE_RECURSION = YES;
				CLANG_WARN_INT_CONVERSION = YES;
				CLANG_WARN_NON_LITERAL_NULL_CONVERSION = YES;
				CLANG_WARN_OBJC_IMPLICIT_RETAIN_SELF = YES;
				CLANG_WARN_OBJC_LITERAL_CONVERSION = YES;
				CLANG_WARN_OBJC_ROOT_CLASS = YES_ERROR;
				CLANG_WARN_QUOTED_INCLUDE_IN_FRAMEWORK_HEADER = YES;
				CLANG_WARN_RANGE_LOOP_ANALYSIS = YES;
				CLANG_WARN_STRICT_PROTOTYPES = YES;
				CLANG_WARN_SUSPICIOUS_MOVE = YES;
				CLANG_WARN_UNGUARDED_AVAILABILITY = YES_AGGRESSIVE;
				CLANG_WARN_UNREACHABLE_CODE = YES;
				CLANG_WARN__DUPLICATE_METHOD_MATCH = YES;
				COPY_PHASE_STRIP = NO;
				DEBUG_INFORMATION_FORMAT = dwarf;
				ENABLE_STRICT_OBJC_MSGSEND = YES;
				ENABLE_TESTABILITY = YES;
				GCC_C_LANGUAGE_STANDARD = gnu11;
				GCC_DYNAMIC_NO_PIC = NO;
				GCC_NO_COMMON_BLOCKS = YES;
				GCC_OPTIMIZATION_LEVEL = 0;
				GCC_PREPROCESSOR_DEFINITIONS = (
					"DEBUG=1",
					"$(inherited)",
				);
				GCC_WARN_64_TO_32_BIT_CONVERSION = YES;
				GCC_WARN_ABOUT_RETURN_TYPE = YES_ERROR;
				GCC_WARN_UNDECLARED_SELECTOR = YES;
				GCC_WARN_UNINITIALIZED_AUTOS = YES_AGGRESSIVE;
				GCC_WARN_UNUSED_FUNCTION = YES;
				GCC_WARN_UNUSED_VARIABLE = YES;
				IPHONEOS_DEPLOYMENT_TARGET = 14.3;
				MTL_ENABLE_DEBUG_INFO = INCLUDE_SOURCE;
				MTL_FAST_MATH = YES;
				ONLY_ACTIVE_ARCH = YES;
				SDKROOT = iphoneos;
				SWIFT_ACTIVE_COMPILATION_CONDITIONS = DEBUG;
				SWIFT_OPTIMIZATION_LEVEL = "-Onone";
			};
			name = Debug;
		};
		4FCBEA6625B9B6D30071FF25 /* Release */ = {
			isa = XCBuildConfiguration;
			buildSettings = {
				ALWAYS_SEARCH_USER_PATHS = NO;
				CLANG_ANALYZER_NONNULL = YES;
				CLANG_ANALYZER_NUMBER_OBJECT_CONVERSION = YES_AGGRESSIVE;
				CLANG_CXX_LANGUAGE_STANDARD = "gnu++14";
				CLANG_CXX_LIBRARY = "libc++";
				CLANG_ENABLE_MODULES = YES;
				CLANG_ENABLE_OBJC_ARC = YES;
				CLANG_ENABLE_OBJC_WEAK = YES;
				CLANG_WARN_BLOCK_CAPTURE_AUTORELEASING = YES;
				CLANG_WARN_BOOL_CONVERSION = YES;
				CLANG_WARN_COMMA = YES;
				CLANG_WARN_CONSTANT_CONVERSION = YES;
				CLANG_WARN_DEPRECATED_OBJC_IMPLEMENTATIONS = YES;
				CLANG_WARN_DIRECT_OBJC_ISA_USAGE = YES_ERROR;
				CLANG_WARN_DOCUMENTATION_COMMENTS = YES;
				CLANG_WARN_EMPTY_BODY = YES;
				CLANG_WARN_ENUM_CONVERSION = YES;
				CLANG_WARN_INFINITE_RECURSION = YES;
				CLANG_WARN_INT_CONVERSION = YES;
				CLANG_WARN_NON_LITERAL_NULL_CONVERSION = YES;
				CLANG_WARN_OBJC_IMPLICIT_RETAIN_SELF = YES;
				CLANG_WARN_OBJC_LITERAL_CONVERSION = YES;
				CLANG_WARN_OBJC_ROOT_CLASS = YES_ERROR;
				CLANG_WARN_QUOTED_INCLUDE_IN_FRAMEWORK_HEADER = YES;
				CLANG_WARN_RANGE_LOOP_ANALYSIS = YES;
				CLANG_WARN_STRICT_PROTOTYPES = YES;
				CLANG_WARN_SUSPICIOUS_MOVE = YES;
				CLANG_WARN_UNGUARDED_AVAILABILITY = YES_AGGRESSIVE;
				CLANG_WARN_UNREACHABLE_CODE = YES;
				CLANG_WARN__DUPLICATE_METHOD_MATCH = YES;
				COPY_PHASE_STRIP = NO;
				DEBUG_INFORMATION_FORMAT = "dwarf-with-dsym";
				ENABLE_NS_ASSERTIONS = NO;
				ENABLE_STRICT_OBJC_MSGSEND = YES;
				GCC_C_LANGUAGE_STANDARD = gnu11;
				GCC_NO_COMMON_BLOCKS = YES;
				GCC_WARN_64_TO_32_BIT_CONVERSION = YES;
				GCC_WARN_ABOUT_RETURN_TYPE = YES_ERROR;
				GCC_WARN_UNDECLARED_SELECTOR = YES;
				GCC_WARN_UNINITIALIZED_AUTOS = YES_AGGRESSIVE;
				GCC_WARN_UNUSED_FUNCTION = YES;
				GCC_WARN_UNUSED_VARIABLE = YES;
				IPHONEOS_DEPLOYMENT_TARGET = 14.3;
				MTL_ENABLE_DEBUG_INFO = NO;
				MTL_FAST_MATH = YES;
				SDKROOT = iphoneos;
				SWIFT_COMPILATION_MODE = wholemodule;
				SWIFT_OPTIMIZATION_LEVEL = "-O";
				VALIDATE_PRODUCT = YES;
			};
			name = Release;
		};
		4FCBEA6825B9B6D30071FF25 /* Debug */ = {
			isa = XCBuildConfiguration;
			baseConfigurationReference = DACD60E5C1388F150720AF4E /* Pods-ReactorKitStudy.debug.xcconfig */;
			buildSettings = {
				ASSETCATALOG_COMPILER_APPICON_NAME = AppIcon;
				ASSETCATALOG_COMPILER_GLOBAL_ACCENT_COLOR_NAME = AccentColor;
				CODE_SIGN_STYLE = Automatic;
				INFOPLIST_FILE = ReactorKitStudy/Info.plist;
				LD_RUNPATH_SEARCH_PATHS = (
					"$(inherited)",
					"@executable_path/Frameworks",
				);
				PRODUCT_BUNDLE_IDENTIFIER = net.jaekyung.ReactorKitStudy;
				PRODUCT_NAME = "$(TARGET_NAME)";
				SWIFT_VERSION = 5.0;
				TARGETED_DEVICE_FAMILY = "1,2";
			};
			name = Debug;
		};
		4FCBEA6925B9B6D30071FF25 /* Release */ = {
			isa = XCBuildConfiguration;
			baseConfigurationReference = 3A048BB36E83EE7C320C3AB2 /* Pods-ReactorKitStudy.release.xcconfig */;
			buildSettings = {
				ASSETCATALOG_COMPILER_APPICON_NAME = AppIcon;
				ASSETCATALOG_COMPILER_GLOBAL_ACCENT_COLOR_NAME = AccentColor;
				CODE_SIGN_STYLE = Automatic;
				INFOPLIST_FILE = ReactorKitStudy/Info.plist;
				LD_RUNPATH_SEARCH_PATHS = (
					"$(inherited)",
					"@executable_path/Frameworks",
				);
				PRODUCT_BUNDLE_IDENTIFIER = net.jaekyung.ReactorKitStudy;
				PRODUCT_NAME = "$(TARGET_NAME)";
				SWIFT_VERSION = 5.0;
				TARGETED_DEVICE_FAMILY = "1,2";
			};
			name = Release;
		};
/* End XCBuildConfiguration section */

/* Begin XCConfigurationList section */
		4FCBEA4E25B9B6CF0071FF25 /* Build configuration list for PBXProject "ReactorKitStudy" */ = {
			isa = XCConfigurationList;
			buildConfigurations = (
				4FCBEA6525B9B6D30071FF25 /* Debug */,
				4FCBEA6625B9B6D30071FF25 /* Release */,
			);
			defaultConfigurationIsVisible = 0;
			defaultConfigurationName = Release;
		};
		4FCBEA6725B9B6D30071FF25 /* Build configuration list for PBXNativeTarget "ReactorKitStudy" */ = {
			isa = XCConfigurationList;
			buildConfigurations = (
				4FCBEA6825B9B6D30071FF25 /* Debug */,
				4FCBEA6925B9B6D30071FF25 /* Release */,
			);
			defaultConfigurationIsVisible = 0;
			defaultConfigurationName = Release;
		};
/* End XCConfigurationList section */
	};
	rootObject = 4FCBEA4B25B9B6CF0071FF25 /* Project object */;
}
